
Microsoft Visual Studio Solution File, Format Version 12.00
# Visual Studio Version 17
VisualStudioVersion = 17.11.35303.130
MinimumVisualStudioVersion = 10.0.40219.1
Project("{FAE04EC0-301F-11D3-BF4B-00C04F79EFBC}") = "Balon de Oro Argentino 2017", "Balon de Oro Argentino 2017\Balon de Oro Argentino 2017.csproj", "{95999A53-7429-4E4E-956B-173D39412317}"
EndProject
Global
	GlobalSection(SolutionConfigurationPlatforms) = preSolution
		Debug|Any CPU = Debug|Any CPU
		Release|Any CPU = Release|Any CPU
	EndGlobalSection
	GlobalSection(ProjectConfigurationPlatforms) = postSolution
		{95999A53-7429-4E4E-956B-173D39412317}.Debug|Any CPU.ActiveCfg = Debug|Any CPU
		{95999A53-7429-4E4E-956B-173D39412317}.Debug|Any CPU.Build.0 = Debug|Any CPU
		{95999A53-7429-4E4E-956B-173D39412317}.Release|Any CPU.ActiveCfg = Release|Any CPU
		{95999A53-7429-4E4E-956B-173D39412317}.Release|Any CPU.Build.0 = Release|Any CPU
	EndGlobalSection
	GlobalSection(SolutionProperties) = preSolution
		HideSolutionNode = FALSE
	EndGlobalSection
	GlobalSection(ExtensibilityGlobals) = postSolution
		SolutionGuid = {E3BA3338-7102-476E-B536-9EEBC9E0E396}
	EndGlobalSection
EndGlobal
